
Microsoft Visual Studio Solution File, Format Version 12.00
# Visual Studio Version 17
VisualStudioVersion = 17.0.31919.166
MinimumVisualStudioVersion = 10.0.40219.1
Project("{FAE04EC0-301F-11D3-BF4B-00C04F79EFBC}") = "JwtTokenPoc", "JwtTokenPoc.csproj", "{FACF1854-C056-4FD1-8C1F-321A1E8D84C5}"
EndProject
Global
	GlobalSection(SolutionConfigurationPlatforms) = preSolution
		Debug|Any CPU = Debug|Any CPU
		Release|Any CPU = Release|Any CPU
	EndGlobalSection
	GlobalSection(ProjectConfigurationPlatforms) = postSolution
		{FACF1854-C056-4FD1-8C1F-321A1E8D84C5}.Debug|Any CPU.ActiveCfg = Debug|Any CPU
		{FACF1854-C056-4FD1-8C1F-321A1E8D84C5}.Debug|Any CPU.Build.0 = Debug|Any CPU
		{FACF1854-C056-4FD1-8C1F-321A1E8D84C5}.Release|Any CPU.ActiveCfg = Release|Any CPU
		{FACF1854-C056-4FD1-8C1F-321A1E8D84C5}.Release|Any CPU.Build.0 = Release|Any CPU
	EndGlobalSection
	GlobalSection(SolutionProperties) = preSolution
		HideSolutionNode = FALSE
	EndGlobalSection
	GlobalSection(ExtensibilityGlobals) = postSolution
		SolutionGuid = {05F6140F-0068-4119-92FE-1FDFAA860DAD}
	EndGlobalSection
EndGlobal
